
Microsoft Visual Studio Solution File, Format Version 12.00
Project("{FAE04EC0-301F-11D3-BF4B-00C04F79EFBC}") = "TNG.Users.API", "TNG.Users.API\TNG.Users.API.csproj", "{420E2DAD-D36D-4F5A-B863-7521DE789D14}"
EndProject
Global
	GlobalSection(SolutionConfigurationPlatforms) = preSolution
		Debug|Any CPU = Debug|Any CPU
		Release|Any CPU = Release|Any CPU
	EndGlobalSection
	GlobalSection(ProjectConfigurationPlatforms) = postSolution
		{420E2DAD-D36D-4F5A-B863-7521DE789D14}.Debug|Any CPU.ActiveCfg = Debug|Any CPU
		{420E2DAD-D36D-4F5A-B863-7521DE789D14}.Debug|Any CPU.Build.0 = Debug|Any CPU
		{420E2DAD-D36D-4F5A-B863-7521DE789D14}.Release|Any CPU.ActiveCfg = Release|Any CPU
		{420E2DAD-D36D-4F5A-B863-7521DE789D14}.Release|Any CPU.Build.0 = Release|Any CPU
	EndGlobalSection
EndGlobal
